<?xml version="1.0" encoding="utf-8"?>
<Project ToolsVersion="16.0" xmlns="http://schemas.microsoft.com/developer/msbuild/2003">
  <ItemGroup>
    <CudaCompile Include="..\..\..\Src\stream\quiz.cu">
      <Filter>Source Files</Filter>
    </CudaCompile>
  </ItemGroup>
  <ItemGroup>
    <CustomBuild Include="C:\Users\ktnguyen\Downloads\quiz_9\quiz_9\Src\stream\CMakeLists.txt" />
  </ItemGroup>
  <ItemGroup>
    <Filter Include="Source Files">
      <UniqueIdentifier>{73D5DF86-714F-316D-BE9A-40F59E10E6D3}</UniqueIdentifier>
    </Filter>
  </ItemGroup>
</Project>
